
Microsoft Visual Studio Solution File, Format Version 12.00
# Visual Studio 14
VisualStudioVersion = 14.0.25420.1
MinimumVisualStudioVersion = 10.0.40219.1
Project("{FAE04EC0-301F-11D3-BF4B-00C04F79EFBC}") = "PowerUp", "PowerUp\PowerUp.csproj", "{66022726-B02C-4673-90AE-6C68FA6C33BA}"
EndProject
Project("{FAE04EC0-301F-11D3-BF4B-00C04F79EFBC}") = "PowerUp.EF6", "PowerUp.EF6\PowerUp.EF6.csproj", "{839BA677-173D-4447-967B-8DDE61C81090}"
EndProject
Project("{FAE04EC0-301F-11D3-BF4B-00C04F79EFBC}") = "PowerUp.Tests", "PowerUp.Tests\PowerUp.Tests.csproj", "{71CC7028-90EF-4F70-BFBA-746D36BD9413}"
EndProject
Project("{FAE04EC0-301F-11D3-BF4B-00C04F79EFBC}") = "PowerUp.Mvc.Security", "PowerUp.Mvc.Security\PowerUp.Mvc.Security.csproj", "{2BECFBEF-6718-4B8B-9227-EF0C238C091B}"
EndProject
Project("{8BB2217D-0F2D-49D1-97BC-3654ED321F3B}") = "PowerUp.Mvc.WebComponents", "PowerUp.Mvc.WebComponents\PowerUp.Mvc.WebComponents.xproj", "{066E64DE-D4B7-4283-A43C-CE8EC07E1866}"
EndProject
Project("{8BB2217D-0F2D-49D1-97BC-3654ED321F3B}") = "TestProject", "TestProject\TestProject.xproj", "{6C9C9CB2-CE97-40CC-BA5E-CB6F7855F34A}"
EndProject
Global
	GlobalSection(SolutionConfigurationPlatforms) = preSolution
		Debug|Any CPU = Debug|Any CPU
		Release|Any CPU = Release|Any CPU
	EndGlobalSection
	GlobalSection(ProjectConfigurationPlatforms) = postSolution
		{66022726-B02C-4673-90AE-6C68FA6C33BA}.Debug|Any CPU.ActiveCfg = Debug|Any CPU
		{66022726-B02C-4673-90AE-6C68FA6C33BA}.Debug|Any CPU.Build.0 = Debug|Any CPU
		{66022726-B02C-4673-90AE-6C68FA6C33BA}.Release|Any CPU.ActiveCfg = Release|Any CPU
		{66022726-B02C-4673-90AE-6C68FA6C33BA}.Release|Any CPU.Build.0 = Release|Any CPU
		{839BA677-173D-4447-967B-8DDE61C81090}.Debug|Any CPU.ActiveCfg = Debug|Any CPU
		{839BA677-173D-4447-967B-8DDE61C81090}.Debug|Any CPU.Build.0 = Debug|Any CPU
		{839BA677-173D-4447-967B-8DDE61C81090}.Release|Any CPU.ActiveCfg = Release|Any CPU
		{839BA677-173D-4447-967B-8DDE61C81090}.Release|Any CPU.Build.0 = Release|Any CPU
		{71CC7028-90EF-4F70-BFBA-746D36BD9413}.Debug|Any CPU.ActiveCfg = Debug|Any CPU
		{71CC7028-90EF-4F70-BFBA-746D36BD9413}.Debug|Any CPU.Build.0 = Debug|Any CPU
		{71CC7028-90EF-4F70-BFBA-746D36BD9413}.Release|Any CPU.ActiveCfg = Release|Any CPU
		{71CC7028-90EF-4F70-BFBA-746D36BD9413}.Release|Any CPU.Build.0 = Release|Any CPU
		{2BECFBEF-6718-4B8B-9227-EF0C238C091B}.Debug|Any CPU.ActiveCfg = Debug|Any CPU
		{2BECFBEF-6718-4B8B-9227-EF0C238C091B}.Debug|Any CPU.Build.0 = Debug|Any CPU
		{2BECFBEF-6718-4B8B-9227-EF0C238C091B}.Release|Any CPU.ActiveCfg = Release|Any CPU
		{2BECFBEF-6718-4B8B-9227-EF0C238C091B}.Release|Any CPU.Build.0 = Release|Any CPU
		{066E64DE-D4B7-4283-A43C-CE8EC07E1866}.Debug|Any CPU.ActiveCfg = Debug|Any CPU
		{066E64DE-D4B7-4283-A43C-CE8EC07E1866}.Debug|Any CPU.Build.0 = Debug|Any CPU
		{066E64DE-D4B7-4283-A43C-CE8EC07E1866}.Release|Any CPU.ActiveCfg = Release|Any CPU
		{066E64DE-D4B7-4283-A43C-CE8EC07E1866}.Release|Any CPU.Build.0 = Release|Any CPU
		{6C9C9CB2-CE97-40CC-BA5E-CB6F7855F34A}.Debug|Any CPU.ActiveCfg = Debug|Any CPU
		{6C9C9CB2-CE97-40CC-BA5E-CB6F7855F34A}.Debug|Any CPU.Build.0 = Debug|Any CPU
		{6C9C9CB2-CE97-40CC-BA5E-CB6F7855F34A}.Release|Any CPU.ActiveCfg = Release|Any CPU
		{6C9C9CB2-CE97-40CC-BA5E-CB6F7855F34A}.Release|Any CPU.Build.0 = Release|Any CPU
	EndGlobalSection
	GlobalSection(SolutionProperties) = preSolution
		HideSolutionNode = FALSE
	EndGlobalSection
EndGlobal
